
Microsoft Visual Studio Solution File, Format Version 12.00
# Visual Studio Version 16
VisualStudioVersion = 16.0.29306.81
MinimumVisualStudioVersion = 10.0.40219.1
Project("{FAE04EC0-301F-11D3-BF4B-00C04F79EFBC}") = "Khalil", "Khalil.csproj", "{50049D9F-7652-41CB-903C-54B2C209A730}"
EndProject
Global
	GlobalSection(SolutionConfigurationPlatforms) = preSolution
		Debug|Any CPU = Debug|Any CPU
		Release|Any CPU = Release|Any CPU
	EndGlobalSection
	GlobalSection(ProjectConfigurationPlatforms) = postSolution
		{50049D9F-7652-41CB-903C-54B2C209A730}.Debug|Any CPU.ActiveCfg = Debug|Any CPU
		{50049D9F-7652-41CB-903C-54B2C209A730}.Debug|Any CPU.Build.0 = Debug|Any CPU
		{50049D9F-7652-41CB-903C-54B2C209A730}.Release|Any CPU.ActiveCfg = Release|Any CPU
		{50049D9F-7652-41CB-903C-54B2C209A730}.Release|Any CPU.Build.0 = Release|Any CPU
	EndGlobalSection
	GlobalSection(SolutionProperties) = preSolution
		HideSolutionNode = FALSE
	EndGlobalSection
	GlobalSection(ExtensibilityGlobals) = postSolution
		SolutionGuid = {D38C2548-9CF8-4F4F-A84A-7374A1BD7D0F}
	EndGlobalSection
EndGlobal
